Microsoft Visual Studio Solution File, Format Version 12.00
# Visual Studio Version 17
VisualStudioVersion = 17.5.2.0
MinimumVisualStudioVersion = 10.0.40219.1
Project("{FAE04EC0-301F-11D3-BF4B-00C04F79EFBC}") = "DACS", "DACS.csproj", "{CBDF76A9-8079-097E-7943-4F1F3DA66ECD}"
EndProject
Global
	GlobalSection(SolutionConfigurationPlatforms) = preSolution
		Debug|Any CPU = Debug|Any CPU
		Release|Any CPU = Release|Any CPU
	EndGlobalSection
	GlobalSection(ProjectConfigurationPlatforms) = postSolution
		{CBDF76A9-8079-097E-7943-4F1F3DA66ECD}.Debug|Any CPU.ActiveCfg = Debug|Any CPU
		{CBDF76A9-8079-097E-7943-4F1F3DA66ECD}.Debug|Any CPU.Build.0 = Debug|Any CPU
		{CBDF76A9-8079-097E-7943-4F1F3DA66ECD}.Release|Any CPU.ActiveCfg = Release|Any CPU
		{CBDF76A9-8079-097E-7943-4F1F3DA66ECD}.Release|Any CPU.Build.0 = Release|Any CPU
	EndGlobalSection
	GlobalSection(SolutionProperties) = preSolution
		HideSolutionNode = FALSE
	EndGlobalSection
	GlobalSection(ExtensibilityGlobals) = postSolution
		SolutionGuid = {16099287-2C0C-4D79-9A1F-111C068FABC5}
	EndGlobalSection
EndGlobal
